
Microsoft Visual Studio Solution File, Format Version 12.00
# Visual Studio Version 16
VisualStudioVersion = 16.0.30907.101
MinimumVisualStudioVersion = 10.0.40219.1
Project("{9A19103F-16F7-4668-BE54-9A1E7A4F7556}") = "KingdomBlog", "KingdomBlog\KingdomBlog.csproj", "{7AD4BAE3-6E0C-4358-9365-8DF7BD3A4CFB}"
EndProject
Project("{9A19103F-16F7-4668-BE54-9A1E7A4F7556}") = "KingdomBlog.Models", "KingdomBlog.Models\KingdomBlog.Models.csproj", "{9DEAB55D-3BD9-4A50-9BC4-8B8910165BBD}"
EndProject
Project("{9A19103F-16F7-4668-BE54-9A1E7A4F7556}") = "KingdomBlog.Repository", "KingdomBlog.Repository\KingdomBlog.Repository.csproj", "{BE81041B-DFBE-4E81-8774-9A9328E8A2CE}"
EndProject
Project("{9A19103F-16F7-4668-BE54-9A1E7A4F7556}") = "DataContext", "DataContext\DataContext.csproj", "{D73808D1-4E60-4D3F-9BFC-E565A178F84B}"
EndProject
Project("{FAE04EC0-301F-11D3-BF4B-00C04F79EFBC}") = "BlogTest", "BlogTest\BlogTest.csproj", "{CE10564C-C66E-41C3-876E-224BB70DE2A7}"
EndProject
Global
	GlobalSection(SolutionConfigurationPlatforms) = preSolution
		Debug|Any CPU = Debug|Any CPU
		Release|Any CPU = Release|Any CPU
	EndGlobalSection
	GlobalSection(ProjectConfigurationPlatforms) = postSolution
		{7AD4BAE3-6E0C-4358-9365-8DF7BD3A4CFB}.Debug|Any CPU.ActiveCfg = Debug|Any CPU
		{7AD4BAE3-6E0C-4358-9365-8DF7BD3A4CFB}.Debug|Any CPU.Build.0 = Debug|Any CPU
		{7AD4BAE3-6E0C-4358-9365-8DF7BD3A4CFB}.Release|Any CPU.ActiveCfg = Release|Any CPU
		{7AD4BAE3-6E0C-4358-9365-8DF7BD3A4CFB}.Release|Any CPU.Build.0 = Release|Any CPU
		{9DEAB55D-3BD9-4A50-9BC4-8B8910165BBD}.Debug|Any CPU.ActiveCfg = Debug|Any CPU
		{9DEAB55D-3BD9-4A50-9BC4-8B8910165BBD}.Debug|Any CPU.Build.0 = Debug|Any CPU
		{9DEAB55D-3BD9-4A50-9BC4-8B8910165BBD}.Release|Any CPU.ActiveCfg = Release|Any CPU
		{9DEAB55D-3BD9-4A50-9BC4-8B8910165BBD}.Release|Any CPU.Build.0 = Release|Any CPU
		{BE81041B-DFBE-4E81-8774-9A9328E8A2CE}.Debug|Any CPU.ActiveCfg = Debug|Any CPU
		{BE81041B-DFBE-4E81-8774-9A9328E8A2CE}.Debug|Any CPU.Build.0 = Debug|Any CPU
		{BE81041B-DFBE-4E81-8774-9A9328E8A2CE}.Release|Any CPU.ActiveCfg = Release|Any CPU
		{BE81041B-DFBE-4E81-8774-9A9328E8A2CE}.Release|Any CPU.Build.0 = Release|Any CPU
		{D73808D1-4E60-4D3F-9BFC-E565A178F84B}.Debug|Any CPU.ActiveCfg = Debug|Any CPU
		{D73808D1-4E60-4D3F-9BFC-E565A178F84B}.Debug|Any CPU.Build.0 = Debug|Any CPU
		{D73808D1-4E60-4D3F-9BFC-E565A178F84B}.Release|Any CPU.ActiveCfg = Release|Any CPU
		{D73808D1-4E60-4D3F-9BFC-E565A178F84B}.Release|Any CPU.Build.0 = Release|Any CPU
		{CE10564C-C66E-41C3-876E-224BB70DE2A7}.Debug|Any CPU.ActiveCfg = Debug|Any CPU
		{CE10564C-C66E-41C3-876E-224BB70DE2A7}.Debug|Any CPU.Build.0 = Debug|Any CPU
		{CE10564C-C66E-41C3-876E-224BB70DE2A7}.Release|Any CPU.ActiveCfg = Release|Any CPU
		{CE10564C-C66E-41C3-876E-224BB70DE2A7}.Release|Any CPU.Build.0 = Release|Any CPU
	EndGlobalSection
	GlobalSection(SolutionProperties) = preSolution
		HideSolutionNode = FALSE
	EndGlobalSection
	GlobalSection(ExtensibilityGlobals) = postSolution
		SolutionGuid = {63DEF57E-988B-426C-9372-F93C007C2C10}
	EndGlobalSection
EndGlobal
